
Microsoft Visual Studio Solution File, Format Version 12.00
# Visual Studio Version 17
VisualStudioVersion = 17.11.35303.130
MinimumVisualStudioVersion = 10.0.40219.1
Project("{FAE04EC0-301F-11D3-BF4B-00C04F79EFBC}") = "FirstApp2", "FirstApp2\FirstApp2.csproj", "{09CE0CBC-A777-4128-9BF9-D8EF6694160D}"
EndProject
Global
	GlobalSection(SolutionConfigurationPlatforms) = preSolution
		Debug|Any CPU = Debug|Any CPU
		Release|Any CPU = Release|Any CPU
	EndGlobalSection
	GlobalSection(ProjectConfigurationPlatforms) = postSolution
		{09CE0CBC-A777-4128-9BF9-D8EF6694160D}.Debug|Any CPU.ActiveCfg = Debug|Any CPU
		{09CE0CBC-A777-4128-9BF9-D8EF6694160D}.Debug|Any CPU.Build.0 = Debug|Any CPU
		{09CE0CBC-A777-4128-9BF9-D8EF6694160D}.Release|Any CPU.ActiveCfg = Release|Any CPU
		{09CE0CBC-A777-4128-9BF9-D8EF6694160D}.Release|Any CPU.Build.0 = Release|Any CPU
	EndGlobalSection
	GlobalSection(SolutionProperties) = preSolution
		HideSolutionNode = FALSE
	EndGlobalSection
	GlobalSection(ExtensibilityGlobals) = postSolution
		SolutionGuid = {1B3BE49D-D5F3-4361-A94A-4B4BF3BD7A8A}
	EndGlobalSection
EndGlobal
